
Microsoft Visual Studio Solution File, Format Version 12.00
Project("{FAE04EC0-301F-11D3-BF4B-00C04F79EFBC}") = "EcsExp.Core", "src\EcsExp.Core\EcsExp.Core.csproj", "{9B6F07B5-5C20-4ED3-A847-6BFA9A14DF40}"
EndProject
Project("{FAE04EC0-301F-11D3-BF4B-00C04F79EFBC}") = "EcsExp.Client", "src\EcsExp.Client\EcsExp.Client.csproj", "{1C7DDF66-3300-44E6-91B3-1BA428C04DED}"
EndProject
Project("{FAE04EC0-301F-11D3-BF4B-00C04F79EFBC}") = "EcsExp.ECS", "src\EcsExp.ECS\EcsExp.ECS.csproj", "{D22755BD-0684-456D-8230-C5448102AA46}"
EndProject
Project("{FAE04EC0-301F-11D3-BF4B-00C04F79EFBC}") = "EcsExp.Sample", "src\EcsExp.Sample\EcsExp.Sample.csproj", "{0A7FBF25-5307-44EC-82E9-98F059F1A51C}"
EndProject
Global
	GlobalSection(SolutionConfigurationPlatforms) = preSolution
		Debug|Any CPU = Debug|Any CPU
		Release|Any CPU = Release|Any CPU
	EndGlobalSection
	GlobalSection(ProjectConfigurationPlatforms) = postSolution
		{9B6F07B5-5C20-4ED3-A847-6BFA9A14DF40}.Debug|Any CPU.ActiveCfg = Debug|Any CPU
		{9B6F07B5-5C20-4ED3-A847-6BFA9A14DF40}.Debug|Any CPU.Build.0 = Debug|Any CPU
		{9B6F07B5-5C20-4ED3-A847-6BFA9A14DF40}.Release|Any CPU.ActiveCfg = Release|Any CPU
		{9B6F07B5-5C20-4ED3-A847-6BFA9A14DF40}.Release|Any CPU.Build.0 = Release|Any CPU
		{1C7DDF66-3300-44E6-91B3-1BA428C04DED}.Debug|Any CPU.ActiveCfg = Debug|Any CPU
		{1C7DDF66-3300-44E6-91B3-1BA428C04DED}.Debug|Any CPU.Build.0 = Debug|Any CPU
		{1C7DDF66-3300-44E6-91B3-1BA428C04DED}.Release|Any CPU.ActiveCfg = Release|Any CPU
		{1C7DDF66-3300-44E6-91B3-1BA428C04DED}.Release|Any CPU.Build.0 = Release|Any CPU
		{D22755BD-0684-456D-8230-C5448102AA46}.Debug|Any CPU.ActiveCfg = Debug|Any CPU
		{D22755BD-0684-456D-8230-C5448102AA46}.Debug|Any CPU.Build.0 = Debug|Any CPU
		{D22755BD-0684-456D-8230-C5448102AA46}.Release|Any CPU.ActiveCfg = Release|Any CPU
		{D22755BD-0684-456D-8230-C5448102AA46}.Release|Any CPU.Build.0 = Release|Any CPU
		{0A7FBF25-5307-44EC-82E9-98F059F1A51C}.Debug|Any CPU.ActiveCfg = Debug|Any CPU
		{0A7FBF25-5307-44EC-82E9-98F059F1A51C}.Debug|Any CPU.Build.0 = Debug|Any CPU
		{0A7FBF25-5307-44EC-82E9-98F059F1A51C}.Release|Any CPU.ActiveCfg = Release|Any CPU
		{0A7FBF25-5307-44EC-82E9-98F059F1A51C}.Release|Any CPU.Build.0 = Release|Any CPU
	EndGlobalSection
EndGlobal
